// !$*UTF8*$!
{
	archiveVersion = 1;
	classes = {
	};
	objectVersion = 50;
	objects = {

/* Begin PBXBuildFile section */
		4A1FFE7920DF539A004B967D /* MemoViewController.swift in Sources */ = {isa = PBXBuildFile; fileRef = 4A1FFE7820DF539A004B967D /* MemoViewController.swift */; };
		4A249A1420DE3D760052F884 /* AppDelegate.swift in Sources */ = {isa = PBXBuildFile; fileRef = 4A249A1320DE3D760052F884 /* AppDelegate.swift */; };
		4A249A1920DE3D760052F884 /* Main.storyboard in Resources */ = {isa = PBXBuildFile; fileRef = 4A249A1720DE3D760052F884 /* Main.storyboard */; };
		4A249A1B20DE3D780052F884 /* Assets.xcassets in Resources */ = {isa = PBXBuildFile; fileRef = 4A249A1A20DE3D780052F884 /* Assets.xcassets */; };
		4A249A1E20DE3D780052F884 /* LaunchScreen.storyboard in Resources */ = {isa = PBXBuildFile; fileRef = 4A249A1C20DE3D780052F884 /* LaunchScreen.storyboard */; };
		4A249A2920DE3D780052F884 /* DotMemoAppTests.swift in Sources */ = {isa = PBXBuildFile; fileRef = 4A249A2820DE3D780052F884 /* DotMemoAppTests.swift */; };
		4A249A3420DE3D780052F884 /* DotMemoAppUITests.swift in Sources */ = {isa = PBXBuildFile; fileRef = 4A249A3320DE3D780052F884 /* DotMemoAppUITests.swift */; };
		4A249A4220DE3E640052F884 /* MemoTableViewController.swift in Sources */ = {isa = PBXBuildFile; fileRef = 4A249A4120DE3E640052F884 /* MemoTableViewController.swift */; };
/* End PBXBuildFile section */

/* Begin PBXContainerItemProxy section */
		4A249A2520DE3D780052F884 /* PBXContainerItemProxy */ = {
			isa = PBXContainerItemProxy;
			containerPortal = 4A249A0820DE3D760052F884 /* Project object */;
			proxyType = 1;
			remoteGlobalIDString = 4A249A0F20DE3D760052F884;
			remoteInfo = DotMemoApp;
		};
		4A249A3020DE3D780052F884 /* PBXContainerItemProxy */ = {
			isa = PBXContainerItemProxy;
			containerPortal = 4A249A0820DE3D760052F884 /* Project object */;
			proxyType = 1;
			remoteGlobalIDString = 4A249A0F20DE3D760052F884;
			remoteInfo = DotMemoApp;
		};
/* End PBXContainerItemProxy section */

/* Begin PBXFileReference section */
		4A1FFE7820DF539A004B967D /* MemoViewController.swift */ = {isa = PBXFileReference; lastKnownFileType = sourcecode.swift; path = MemoViewController.swift; sourceTree = "<group>"; };
		4A249A1020DE3D760052F884 /* DotMemoApp.app */ = {isa = PBXFileReference; explicitFileType = wrapper.application; includeInIndex = 0; path = DotMemoApp.app; sourceTree = BUILT_PRODUCTS_DIR; };
		4A249A1320DE3D760052F884 /* AppDelegate.swift */ = {isa = PBXFileReference; lastKnownFileType = sourcecode.swift; path = AppDelegate.swift; sourceTree = "<group>"; };
		4A249A1820DE3D760052F884 /* Base */ = {isa = PBXFileReference; lastKnownFileType = file.storyboard; name = Base; path = Base.lproj/Main.storyboard; sourceTree = "<group>"; };
		4A249A1A20DE3D780052F884 /* Assets.xcassets */ = {isa = PBXFileReference; lastKnownFileType = folder.assetcatalog; path = Assets.xcassets; sourceTree = "<group>"; };
		4A249A1D20DE3D780052F884 /* Base */ = {isa = PBXFileReference; lastKnownFileType = file.storyboard; name = Base; path = Base.lproj/LaunchScreen.storyboard; sourceTree = "<group>"; };
		4A249A1F20DE3D780052F884 /* Info.plist */ = {isa = PBXFileReference; lastKnownFileType = text.plist.xml; path = Info.plist; sourceTree = "<group>"; };
		4A249A2420DE3D780052F884 /* DotMemoAppTests.xctest */ = {isa = PBXFileReference; explicitFileType = wrapper.cfbundle; includeInIndex = 0; path = DotMemoAppTests.xctest; sourceTree = BUILT_PRODUCTS_DIR; };
		4A249A2820DE3D780052F884 /* DotMemoAppTests.swift */ = {isa = PBXFileReference; lastKnownFileType = sourcecode.swift; path = DotMemoAppTests.swift; sourceTree = "<group>"; };
		4A249A2A20DE3D780052F884 /* Info.plist */ = {isa = PBXFileReference; lastKnownFileType = text.plist.xml; path = Info.plist; sourceTree = "<group>"; };
		4A249A2F20DE3D780052F884 /* DotMemoAppUITests.xctest */ = {isa = PBXFileReference; explicitFileType = wrapper.cfbundle; includeInIndex = 0; path = DotMemoAppUITests.xctest; sourceTree = BUILT_PRODUCTS_DIR; };
		4A249A3320DE3D780052F884 /* DotMemoAppUITests.swift */ = {isa = PBXFileReference; lastKnownFileType = sourcecode.swift; path = DotMemoAppUITests.swift; sourceTree = "<group>"; };
		4A249A3520DE3D780052F884 /* Info.plist */ = {isa = PBXFileReference; lastKnownFileType = text.plist.xml; path = Info.plist; sourceTree = "<group>"; };
		4A249A4120DE3E640052F884 /* MemoTableViewController.swift */ = {isa = PBXFileReference; lastKnownFileType = sourcecode.swift; path = MemoTableViewController.swift; sourceTree = "<group>"; };
/* End PBXFileReference section */

/* Begin PBXFrameworksBuildPhase section */
		4A249A0D20DE3D760052F884 /* Frameworks */ = {
			isa = PBXFrameworksBuildPhase;
			buildActionMask = 2147483647;
			files = (
			);
			runOnlyForDeploymentPostprocessing = 0;
		};
		4A249A2120DE3D780052F884 /* Frameworks */ = {
			isa = PBXFrameworksBuildPhase;
			buildActionMask = 2147483647;
			files = (
			);
			runOnlyForDeploymentPostprocessing = 0;
		};
		4A249A2C20DE3D780052F884 /* Frameworks */ = {
			isa = PBXFrameworksBuildPhase;
			buildActionMask = 2147483647;
			files = (
			);
			runOnlyForDeploymentPostprocessing = 0;
		};
/* End PBXFrameworksBuildPhase section */

/* Begin PBXGroup section */
		4A249A0720DE3D760052F884 = {
			isa = PBXGroup;
			children = (
				4A249A1220DE3D760052F884 /* DotMemoApp */,
				4A249A2720DE3D780052F884 /* DotMemoAppTests */,
				4A249A3220DE3D780052F884 /* DotMemoAppUITests */,
				4A249A1120DE3D760052F884 /* Products */,
			);
			sourceTree = "<group>";
		};
		4A249A1120DE3D760052F884 /* Products */ = {
			isa = PBXGroup;
			children = (
				4A249A1020DE3D760052F884 /* DotMemoApp.app */,
				4A249A2420DE3D780052F884 /* DotMemoAppTests.xctest */,
				4A249A2F20DE3D780052F884 /* DotMemoAppUITests.xctest */,
			);
			name = Products;
			sourceTree = "<group>";
		};
		4A249A1220DE3D760052F884 /* DotMemoApp */ = {
			isa = PBXGroup;
			children = (
				4A249A1320DE3D760052F884 /* AppDelegate.swift */,
				4A249A1720DE3D760052F884 /* Main.storyboard */,
				4A1FFE7820DF539A004B967D /* MemoViewController.swift */,
				4A249A4120DE3E640052F884 /* MemoTableViewController.swift */,
				4A249A1A20DE3D780052F884 /* Assets.xcassets */,
				4A249A1C20DE3D780052F884 /* LaunchScreen.storyboard */,
				4A249A1F20DE3D780052F884 /* Info.plist */,
			);
			path = DotMemoApp;
			sourceTree = "<group>";
		};
		4A249A2720DE3D780052F884 /* DotMemoAppTests */ = {
			isa = PBXGroup;
			children = (
				4A249A2820DE3D780052F884 /* DotMemoAppTests.swift */,
				4A249A2A20DE3D780052F884 /* Info.plist */,
			);
			path = DotMemoAppTests;
			sourceTree = "<group>";
		};
		4A249A3220DE3D780052F884 /* DotMemoAppUITests */ = {
			isa = PBXGroup;
			children = (
				4A249A3320DE3D780052F884 /* DotMemoAppUITests.swift */,
				4A249A3520DE3D780052F884 /* Info.plist */,
			);
			path = DotMemoAppUITests;
			sourceTree = "<group>";
		};
/* End PBXGroup section */

/* Begin PBXNativeTarget section */
		4A249A0F20DE3D760052F884 /* DotMemoApp */ = {
			isa = PBXNativeTarget;
			buildConfigurationList = 4A249A3820DE3D780052F884 /* Build configuration list for PBXNativeTarget "DotMemoApp" */;
			buildPhases = (
				4A249A0C20DE3D760052F884 /* Sources */,
				4A249A0D20DE3D760052F884 /* Frameworks */,
				4A249A0E20DE3D760052F884 /* Resources */,
			);
			buildRules = (
			);
			dependencies = (
			);
			name = DotMemoApp;
			productName = DotMemoApp;
			productReference = 4A249A1020DE3D760052F884 /* DotMemoApp.app */;
			productType = "com.apple.product-type.application";
		};
		4A249A2320DE3D780052F884 /* DotMemoAppTests */ = {
			isa = PBXNativeTarget;
			buildConfigurationList = 4A249A3B20DE3D780052F884 /* Build configuration list for PBXNativeTarget "DotMemoAppTests" */;
			buildPhases = (
				4A249A2020DE3D780052F884 /* Sources */,
				4A249A2120DE3D780052F884 /* Frameworks */,
				4A249A2220DE3D780052F884 /* Resources */,
			);
			buildRules = (
			);
			dependencies = (
				4A249A2620DE3D780052F884 /* PBXTargetDependency */,
			);
			name = DotMemoAppTests;
			productName = DotMemoAppTests;
			productReference = 4A249A2420DE3D780052F884 /* DotMemoAppTests.xctest */;
			productType = "com.apple.product-type.bundle.unit-test";
		};
		4A249A2E20DE3D780052F884 /* DotMemoAppUITests */ = {
			isa = PBXNativeTarget;
			buildConfigurationList = 4A249A3E20DE3D780052F884 /* Build configuration list for PBXNativeTarget "DotMemoAppUITests" */;
			buildPhases = (
				4A249A2B20DE3D780052F884 /* Sources */,
				4A249A2C20DE3D780052F884 /* Frameworks */,
				4A249A2D20DE3D780052F884 /* Resources */,
			);
			buildRules = (
			);
			dependencies = (
				4A249A3120DE3D780052F884 /* PBXTargetDependency */,
			);
			name = DotMemoAppUITests;
			productName = DotMemoAppUITests;
			productReference = 4A249A2F20DE3D780052F884 /* DotMemoAppUITests.xctest */;
			productType = "com.apple.product-type.bundle.ui-testing";
		};
/* End PBXNativeTarget section */

/* Begin PBXProject section */
		4A249A0820DE3D760052F884 /* Project object */ = {
			isa = PBXProject;
			attributes = {
				LastSwiftUpdateCheck = 0940;
				LastUpgradeCheck = 0940;
				ORGANIZATIONNAME = "Ryo Nakagawa";
				TargetAttributes = {
					4A249A0F20DE3D760052F884 = {
						CreatedOnToolsVersion = 9.4.1;
					};
					4A249A2320DE3D780052F884 = {
						CreatedOnToolsVersion = 9.4.1;
						TestTargetID = 4A249A0F20DE3D760052F884;
					};
					4A249A2E20DE3D780052F884 = {
						CreatedOnToolsVersion = 9.4.1;
						TestTargetID = 4A249A0F20DE3D760052F884;
					};
				};
			};
			buildConfigurationList = 4A249A0B20DE3D760052F884 /* Build configuration list for PBXProject "DotMemoApp" */;
			compatibilityVersion = "Xcode 9.3";
			developmentRegion = en;
			hasScannedForEncodings = 0;
			knownRegions = (
				en,
				Base,
			);
			mainGroup = 4A249A0720DE3D760052F884;
			productRefGroup = 4A249A1120DE3D760052F884 /* Products */;
			projectDirPath = "";
			projectRoot = "";
			targets = (
				4A249A0F20DE3D760052F884 /* DotMemoApp */,
				4A249A2320DE3D780052F884 /* DotMemoAppTests */,
				4A249A2E20DE3D780052F884 /* DotMemoAppUITests */,
			);
		};
/* End PBXProject section */

/* Begin PBXResourcesBuildPhase section */
		4A249A0E20DE3D760052F884 /* Resources */ = {
			isa = PBXResourcesBuildPhase;
			buildActionMask = 2147483647;
			files = (
				4A249A1E20DE3D780052F884 /* LaunchScreen.storyboard in Resources */,
				4A249A1B20DE3D780052F884 /* Assets.xcassets in Resources */,
				4A249A1920DE3D760052F884 /* Main.storyboard in Resources */,
			);
			runOnlyForDeploymentPostprocessing = 0;
		};
		4A249A2220DE3D780052F884 /* Resources */ = {
			isa = PBXResourcesBuildPhase;
			buildActionMask = 2147483647;
			files = (
			);
			runOnlyForDeploymentPostprocessing = 0;
		};
		4A249A2D20DE3D780052F884 /* Resources */ = {
			isa = PBXResourcesBuildPhase;
			buildActionMask = 2147483647;
			files = (
			);
			runOnlyForDeploymentPostprocessing = 0;
		};
/* End PBXResourcesBuildPhase section */

/* Begin PBXSourcesBuildPhase section */
		4A249A0C20DE3D760052F884 /* Sources */ = {
			isa = PBXSourcesBuildPhase;
			buildActionMask = 2147483647;
			files = (
				4A249A1420DE3D760052F884 /* AppDelegate.swift in Sources */,
				4A249A4220DE3E640052F884 /* MemoTableViewController.swift in Sources */,
				4A1FFE7920DF539A004B967D /* MemoViewController.swift in Sources */,
			);
			runOnlyForDeploymentPostprocessing = 0;
		};
		4A249A2020DE3D780052F884 /* Sources */ = {
			isa = PBXSourcesBuildPhase;
			buildActionMask = 2147483647;
			files = (
				4A249A2920DE3D780052F884 /* DotMemoAppTests.swift in Sources */,
			);
			runOnlyForDeploymentPostprocessing = 0;
		};
		4A249A2B20DE3D780052F884 /* Sources */ = {
			isa = PBXSourcesBuildPhase;
			buildActionMask = 2147483647;
			files = (
				4A249A3420DE3D780052F884 /* DotMemoAppUITests.swift in Sources */,
			);
			runOnlyForDeploymentPostprocessing = 0;
		};
/* End PBXSourcesBuildPhase section */

/* Begin PBXTargetDependency section */
		4A249A2620DE3D780052F884 /* PBXTargetDependency */ = {
			isa = PBXTargetDependency;
			target = 4A249A0F20DE3D760052F884 /* DotMemoApp */;
			targetProxy = 4A249A2520DE3D780052F884 /* PBXContainerItemProxy */;
		};
		4A249A3120DE3D780052F884 /* PBXTargetDependency */ = {
			isa = PBXTargetDependency;
			target = 4A249A0F20DE3D760052F884 /* DotMemoApp */;
			targetProxy = 4A249A3020DE3D780052F884 /* PBXContainerItemProxy */;
		};
/* End PBXTargetDependency section */

/* Begin PBXVariantGroup section */
		4A249A1720DE3D760052F884 /* Main.storyboard */ = {
			isa = PBXVariantGroup;
			children = (
				4A249A1820DE3D760052F884 /* Base */,
			);
			name = Main.storyboard;
			sourceTree = "<group>";
		};
		4A249A1C20DE3D780052F884 /* LaunchScreen.storyboard */ = {
			isa = PBXVariantGroup;
			children = (
				4A249A1D20DE3D780052F884 /* Base */,
			);
			name = LaunchScreen.storyboard;
			sourceTree = "<group>";
		};
/* End PBXVariantGroup section */

/* Begin XCBuildConfiguration section */
		4A249A3620DE3D780052F884 /* Debug */ = {
			isa = XCBuildConfiguration;
			buildSettings = {
				ALWAYS_SEARCH_USER_PATHS = NO;
				CLANG_ANALYZER_NONNULL = YES;
				CLANG_ANALYZER_NUMBER_OBJECT_CONVERSION = YES_AGGRESSIVE;
				CLANG_CXX_LANGUAGE_STANDARD = "gnu++14";
				CLANG_CXX_LIBRARY = "libc++";
				CLANG_ENABLE_MODULES = YES;
				CLANG_ENABLE_OBJC_ARC = YES;
				CLANG_ENABLE_OBJC_WEAK = YES;
				CLANG_WARN_BLOCK_CAPTURE_AUTORELEASING = YES;
				CLANG_WARN_BOOL_CONVERSION = YES;
				CLANG_WARN_COMMA = YES;
				CLANG_WARN_CONSTANT_CONVERSION = YES;
				CLANG_WARN_DEPRECATED_OBJC_IMPLEMENTATIONS = YES;
				CLANG_WARN_DIRECT_OBJC_ISA_USAGE = YES_ERROR;
				CLANG_WARN_DOCUMENTATION_COMMENTS = YES;
				CLANG_WARN_EMPTY_BODY = YES;
				CLANG_WARN_ENUM_CONVERSION = YES;
				CLANG_WARN_INFINITE_RECURSION = YES;
				CLANG_WARN_INT_CONVERSION = YES;
				CLANG_WARN_NON_LITERAL_NULL_CONVERSION = YES;
				CLANG_WARN_OBJC_IMPLICIT_RETAIN_SELF = YES;
				CLANG_WARN_OBJC_LITERAL_CONVERSION = YES;
				CLANG_WARN_OBJC_ROOT_CLASS = YES_ERROR;
				CLANG_WARN_RANGE_LOOP_ANALYSIS = YES;
				CLANG_WARN_STRICT_PROTOTYPES = YES;
				CLANG_WARN_SUSPICIOUS_MOVE = YES;
				CLANG_WARN_UNGUARDED_AVAILABILITY = YES_AGGRESSIVE;
				CLANG_WARN_UNREACHABLE_CODE = YES;
				CLANG_WARN__DUPLICATE_METHOD_MATCH = YES;
				CODE_SIGN_IDENTITY = "iPhone Developer";
				COPY_PHASE_STRIP = NO;
				DEBUG_INFORMATION_FORMAT = dwarf;
				ENABLE_STRICT_OBJC_MSGSEND = YES;
				ENABLE_TESTABILITY = YES;
				GCC_C_LANGUAGE_STANDARD = gnu11;
				GCC_DYNAMIC_NO_PIC = NO;
				GCC_NO_COMMON_BLOCKS = YES;
				GCC_OPTIMIZATION_LEVEL = 0;
				GCC_PREPROCESSOR_DEFINITIONS = (
					"DEBUG=1",
					"$(inherited)",
				);
				GCC_WARN_64_TO_32_BIT_CONVERSION = YES;
				GCC_WARN_ABOUT_RETURN_TYPE = YES_ERROR;
				GCC_WARN_UNDECLARED_SELECTOR = YES;
				GCC_WARN_UNINITIALIZED_AUTOS = YES_AGGRESSIVE;
				GCC_WARN_UNUSED_FUNCTION = YES;
				GCC_WARN_UNUSED_VARIABLE = YES;
				IPHONEOS_DEPLOYMENT_TARGET = 11.4;
				MTL_ENABLE_DEBUG_INFO = YES;
				ONLY_ACTIVE_ARCH = YES;
				SDKROOT = iphoneos;
				SWIFT_ACTIVE_COMPILATION_CONDITIONS = DEBUG;
				SWIFT_OPTIMIZATION_LEVEL = "-Onone";
			};
			name = Debug;
		};
		4A249A3720DE3D780052F884 /* Release */ = {
			isa = XCBuildConfiguration;
			buildSettings = {
				ALWAYS_SEARCH_USER_PATHS = NO;
				CLANG_ANALYZER_NONNULL = YES;
				CLANG_ANALYZER_NUMBER_OBJECT_CONVERSION = YES_AGGRESSIVE;
				CLANG_CXX_LANGUAGE_STANDARD = "gnu++14";
				CLANG_CXX_LIBRARY = "libc++";
				CLANG_ENABLE_MODULES = YES;
				CLANG_ENABLE_OBJC_ARC = YES;
				CLANG_ENABLE_OBJC_WEAK = YES;
				CLANG_WARN_BLOCK_CAPTURE_AUTORELEASING = YES;
				CLANG_WARN_BOOL_CONVERSION = YES;
				CLANG_WARN_COMMA = YES;
				CLANG_WARN_CONSTANT_CONVERSION = YES;
				CLANG_WARN_DEPRECATED_OBJC_IMPLEMENTATIONS = YES;
				CLANG_WARN_DIRECT_OBJC_ISA_USAGE = YES_ERROR;
				CLANG_WARN_DOCUMENTATION_COMMENTS = YES;
				CLANG_WARN_EMPTY_BODY = YES;
				CLANG_WARN_ENUM_CONVERSION = YES;
				CLANG_WARN_INFINITE_RECURSION = YES;
				CLANG_WARN_INT_CONVERSION = YES;
				CLANG_WARN_NON_LITERAL_NULL_CONVERSION = YES;
				CLANG_WARN_OBJC_IMPLICIT_RETAIN_SELF = YES;
				CLANG_WARN_OBJC_LITERAL_CONVERSION = YES;
				CLANG_WARN_OBJC_ROOT_CLASS = YES_ERROR;
				CLANG_WARN_RANGE_LOOP_ANALYSIS = YES;
				CLANG_WARN_STRICT_PROTOTYPES = YES;
				CLANG_WARN_SUSPICIOUS_MOVE = YES;
				CLANG_WARN_UNGUARDED_AVAILABILITY = YES_AGGRESSIVE;
				CLANG_WARN_UNREACHABLE_CODE = YES;
				CLANG_WARN__DUPLICATE_METHOD_MATCH = YES;
				CODE_SIGN_IDENTITY = "iPhone Developer";
				COPY_PHASE_STRIP = NO;
				DEBUG_INFORMATION_FORMAT = "dwarf-with-dsym";
				ENABLE_NS_ASSERTIONS = NO;
				ENABLE_STRICT_OBJC_MSGSEND = YES;
				GCC_C_LANGUAGE_STANDARD = gnu11;
				GCC_NO_COMMON_BLOCKS = YES;
				GCC_WARN_64_TO_32_BIT_CONVERSION = YES;
				GCC_WARN_ABOUT_RETURN_TYPE = YES_ERROR;
				GCC_WARN_UNDECLARED_SELECTOR = YES;
				GCC_WARN_UNINITIALIZED_AUTOS = YES_AGGRESSIVE;
				GCC_WARN_UNUSED_FUNCTION = YES;
				GCC_WARN_UNUSED_VARIABLE = YES;
				IPHONEOS_DEPLOYMENT_TARGET = 11.4;
				MTL_ENABLE_DEBUG_INFO = NO;
				SDKROOT = iphoneos;
				SWIFT_COMPILATION_MODE = wholemodule;
				SWIFT_OPTIMIZATION_LEVEL = "-O";
				VALIDATE_PRODUCT = YES;
			};
			name = Release;
		};
		4A249A3920DE3D780052F884 /* Debug */ = {
			isa = XCBuildConfiguration;
			buildSettings = {
				ASSETCATALOG_COMPILER_APPICON_NAME = AppIcon;
				CODE_SIGN_STYLE = Automatic;
				INFOPLIST_FILE = DotMemoApp/Info.plist;
				LD_RUNPATH_SEARCH_PATHS = (
					"$(inherited)",
					"@executable_path/Frameworks",
				);
				PRODUCT_BUNDLE_IDENTIFIER = com.dotinstall.DotMemoApp;
				PRODUCT_NAME = "$(TARGET_NAME)";
				SWIFT_VERSION = 4.0;
				TARGETED_DEVICE_FAMILY = "1,2";
			};
			name = Debug;
		};
		4A249A3A20DE3D780052F884 /* Release */ = {
			isa = XCBuildConfiguration;
			buildSettings = {
				ASSETCATALOG_COMPILER_APPICON_NAME = AppIcon;
				CODE_SIGN_STYLE = Automatic;
				INFOPLIST_FILE = DotMemoApp/Info.plist;
				LD_RUNPATH_SEARCH_PATHS = (
					"$(inherited)",
					"@executable_path/Frameworks",
				);
				PRODUCT_BUNDLE_IDENTIFIER = com.dotinstall.DotMemoApp;
				PRODUCT_NAME = "$(TARGET_NAME)";
				SWIFT_VERSION = 4.0;
				TARGETED_DEVICE_FAMILY = "1,2";
			};
			name = Release;
		};
		4A249A3C20DE3D780052F884 /* Debug */ = {
			isa = XCBuildConfiguration;
			buildSettings = {
				ALWAYS_EMBED_SWIFT_STANDARD_LIBRARIES = YES;
				BUNDLE_LOADER = "$(TEST_HOST)";
				CODE_SIGN_STYLE = Automatic;
				INFOPLIST_FILE = DotMemoAppTests/Info.plist;
				LD_RUNPATH_SEARCH_PATHS = (
					"$(inherited)",
					"@executable_path/Frameworks",
					"@loader_path/Frameworks",
				);
				PRODUCT_BUNDLE_IDENTIFIER = com.dotinstall.DotMemoAppTests;
				PRODUCT_NAME = "$(TARGET_NAME)";
				SWIFT_VERSION = 4.0;
				TARGETED_DEVICE_FAMILY = "1,2";
				TEST_HOST = "$(BUILT_PRODUCTS_DIR)/DotMemoApp.app/DotMemoApp";
			};
			name = Debug;
		};
		4A249A3D20DE3D780052F884 /* Release */ = {
			isa = XCBuildConfiguration;
			buildSettings = {
				ALWAYS_EMBED_SWIFT_STANDARD_LIBRARIES = YES;
				BUNDLE_LOADER = "$(TEST_HOST)";
				CODE_SIGN_STYLE = Automatic;
				INFOPLIST_FILE = DotMemoAppTests/Info.plist;
				LD_RUNPATH_SEARCH_PATHS = (
					"$(inherited)",
					"@executable_path/Frameworks",
					"@loader_path/Frameworks",
				);
				PRODUCT_BUNDLE_IDENTIFIER = com.dotinstall.DotMemoAppTests;
				PRODUCT_NAME = "$(TARGET_NAME)";
				SWIFT_VERSION = 4.0;
				TARGETED_DEVICE_FAMILY = "1,2";
				TEST_HOST = "$(BUILT_PRODUCTS_DIR)/DotMemoApp.app/DotMemoApp";
			};
			name = Release;
		};
		4A249A3F20DE3D780052F884 /* Debug */ = {
			isa = XCBuildConfiguration;
			buildSettings = {
				ALWAYS_EMBED_SWIFT_STANDARD_LIBRARIES = YES;
				CODE_SIGN_STYLE = Automatic;
				INFOPLIST_FILE = DotMemoAppUITests/Info.plist;
				LD_RUNPATH_SEARCH_PATHS = (
					"$(inherited)",
					"@executable_path/Frameworks",
					"@loader_path/Frameworks",
				);
				PRODUCT_BUNDLE_IDENTIFIER = com.dotinstall.DotMemoAppUITests;
				PRODUCT_NAME = "$(TARGET_NAME)";
				SWIFT_VERSION = 4.0;
				TARGETED_DEVICE_FAMILY = "1,2";
				TEST_TARGET_NAME = DotMemoApp;
			};
			name = Debug;
		};
		4A249A4020DE3D780052F884 /* Release */ = {
			isa = XCBuildConfiguration;
			buildSettings = {
				ALWAYS_EMBED_SWIFT_STANDARD_LIBRARIES = YES;
				CODE_SIGN_STYLE = Automatic;
				INFOPLIST_FILE = DotMemoAppUITests/Info.plist;
				LD_RUNPATH_SEARCH_PATHS = (
					"$(inherited)",
					"@executable_path/Frameworks",
					"@loader_path/Frameworks",
				);
				PRODUCT_BUNDLE_IDENTIFIER = com.dotinstall.DotMemoAppUITests;
				PRODUCT_NAME = "$(TARGET_NAME)";
				SWIFT_VERSION = 4.0;
				TARGETED_DEVICE_FAMILY = "1,2";
				TEST_TARGET_NAME = DotMemoApp;
			};
			name = Release;
		};
/* End XCBuildConfiguration section */

/* Begin XCConfigurationList section */
		4A249A0B20DE3D760052F884 /* Build configuration list for PBXProject "DotMemoApp" */ = {
			isa = XCConfigurationList;
			buildConfigurations = (
				4A249A3620DE3D780052F884 /* Debug */,
				4A249A3720DE3D780052F884 /* Release */,
			);
			defaultConfigurationIsVisible = 0;
			defaultConfigurationName = Release;
		};
		4A249A3820DE3D780052F884 /* Build configuration list for PBXNativeTarget "DotMemoApp" */ = {
			isa = XCConfigurationList;
			buildConfigurations = (
				4A249A3920DE3D780052F884 /* Debug */,
				4A249A3A20DE3D780052F884 /* Release */,
			);
			defaultConfigurationIsVisible = 0;
			defaultConfigurationName = Release;
		};
		4A249A3B20DE3D780052F884 /* Build configuration list for PBXNativeTarget "DotMemoAppTests" */ = {
			isa = XCConfigurationList;
			buildConfigurations = (
				4A249A3C20DE3D780052F884 /* Debug */,
				4A249A3D20DE3D780052F884 /* Release */,
			);
			defaultConfigurationIsVisible = 0;
			defaultConfigurationName = Release;
		};
		4A249A3E20DE3D780052F884 /* Build configuration list for PBXNativeTarget "DotMemoAppUITests" */ = {
			isa = XCConfigurationList;
			buildConfigurations = (
				4A249A3F20DE3D780052F884 /* Debug */,
				4A249A4020DE3D780052F884 /* Release */,
			);
			defaultConfigurationIsVisible = 0;
			defaultConfigurationName = Release;
		};
/* End XCConfigurationList section */
	};
	rootObject = 4A249A0820DE3D760052F884 /* Project object */;
}
